
Microsoft Visual Studio Solution File, Format Version 12.00
# Visual Studio Version 16
VisualStudioVersion = 25.0.1705.6
MinimumVisualStudioVersion = 10.0.40219.1
Project("{FAE04EC0-301F-11D3-BF4B-00C04F79EFBC}") = "FreeERP", "ERP\FreeERP.csproj", "{79907672-1968-40E7-BC59-5D636FA5DAC2}"
EndProject
Global
	GlobalSection(SolutionConfigurationPlatforms) = preSolution
		Debug|Any CPU = Debug|Any CPU
		Release|Any CPU = Release|Any CPU
	EndGlobalSection
	GlobalSection(ProjectConfigurationPlatforms) = postSolution
		{79907672-1968-40E7-BC59-5D636FA5DAC2}.Debug|Any CPU.ActiveCfg = Debug|Any CPU
		{79907672-1968-40E7-BC59-5D636FA5DAC2}.Debug|Any CPU.Build.0 = Debug|Any CPU
		{79907672-1968-40E7-BC59-5D636FA5DAC2}.Release|Any CPU.ActiveCfg = Release|Any CPU
		{79907672-1968-40E7-BC59-5D636FA5DAC2}.Release|Any CPU.Build.0 = Release|Any CPU
	EndGlobalSection
	GlobalSection(SolutionProperties) = preSolution
		HideSolutionNode = FALSE
	EndGlobalSection
	GlobalSection(ExtensibilityGlobals) = postSolution
		SolutionGuid = {1BD22D87-35F4-4AF6-ADA4-FD7BA0295D18}
	EndGlobalSection
EndGlobal
